
Microsoft Visual Studio Solution File, Format Version 12.00
# Visual Studio 2012
Project("{FAE04EC0-301F-11D3-BF4B-00C04F79EFBC}") = "EF4-Code-First", "EF4-Code-First\EF4-Code-First.csproj", "{351229EC-108C-40C2-B601-9CFC8F5C63EC}"
EndProject
Global
	GlobalSection(SolutionConfigurationPlatforms) = preSolution
		Debug|Any CPU = Debug|Any CPU
		Release|Any CPU = Release|Any CPU
	EndGlobalSection
	GlobalSection(ProjectConfigurationPlatforms) = postSolution
		{351229EC-108C-40C2-B601-9CFC8F5C63EC}.Debug|Any CPU.ActiveCfg = Debug|Any CPU
		{351229EC-108C-40C2-B601-9CFC8F5C63EC}.Debug|Any CPU.Build.0 = Debug|Any CPU
		{351229EC-108C-40C2-B601-9CFC8F5C63EC}.Release|Any CPU.ActiveCfg = Release|Any CPU
		{351229EC-108C-40C2-B601-9CFC8F5C63EC}.Release|Any CPU.Build.0 = Release|Any CPU
	EndGlobalSection
	GlobalSection(SolutionProperties) = preSolution
		HideSolutionNode = FALSE
	EndGlobalSection
EndGlobal
